// !$*UTF8*$!
{
	archiveVersion = 1;
	classes = {
	};
	objectVersion = 50;
	objects = {

/* Begin PBXBuildFile section */
		B513302E23378D1C007A4A7E /* AppDelegate.m in Sources */ = {isa = PBXBuildFile; fileRef = B513302D23378D1C007A4A7E /* AppDelegate.m */; };
		B513303623378D1D007A4A7E /* Assets.xcassets in Resources */ = {isa = PBXBuildFile; fileRef = B513303523378D1D007A4A7E /* Assets.xcassets */; };
		B513303923378D1D007A4A7E /* LaunchScreen.storyboard in Resources */ = {isa = PBXBuildFile; fileRef = B513303723378D1D007A4A7E /* LaunchScreen.storyboard */; };
		B513303C23378D1D007A4A7E /* main.m in Sources */ = {isa = PBXBuildFile; fileRef = B513303B23378D1D007A4A7E /* main.m */; };
		B513304623378D1D007A4A7E /* CardGameTests.m in Sources */ = {isa = PBXBuildFile; fileRef = B513304523378D1D007A4A7E /* CardGameTests.m */; };
		B513305123378D1D007A4A7E /* CardGameUITests.m in Sources */ = {isa = PBXBuildFile; fileRef = B513305023378D1D007A4A7E /* CardGameUITests.m */; };
		B51330612337919E007A4A7E /* RootViewController.m in Sources */ = {isa = PBXBuildFile; fileRef = B513305F2337919E007A4A7E /* RootViewController.m */; };
		B51330622337919E007A4A7E /* RootViewController.xib in Resources */ = {isa = PBXBuildFile; fileRef = B51330602337919E007A4A7E /* RootViewController.xib */; };
		B513306623379620007A4A7E /* GameViewController.m in Sources */ = {isa = PBXBuildFile; fileRef = B513306423379620007A4A7E /* GameViewController.m */; };
		B513306723379620007A4A7E /* GameViewController.xib in Resources */ = {isa = PBXBuildFile; fileRef = B513306523379620007A4A7E /* GameViewController.xib */; };
		B513306B23379634007A4A7E /* HistoryViewController.m in Sources */ = {isa = PBXBuildFile; fileRef = B513306923379634007A4A7E /* HistoryViewController.m */; };
		B513306C23379634007A4A7E /* HistoryViewController.xib in Resources */ = {isa = PBXBuildFile; fileRef = B513306A23379634007A4A7E /* HistoryViewController.xib */; };
		B51330702337965A007A4A7E /* RankListViewController.m in Sources */ = {isa = PBXBuildFile; fileRef = B513306E2337965A007A4A7E /* RankListViewController.m */; };
		B51330712337965A007A4A7E /* RankListViewController.xib in Resources */ = {isa = PBXBuildFile; fileRef = B513306F2337965A007A4A7E /* RankListViewController.xib */; };
		B513307523379CC6007A4A7E /* PersonalViewController.m in Sources */ = {isa = PBXBuildFile; fileRef = B513307323379CC6007A4A7E /* PersonalViewController.m */; };
		B513307623379CC6007A4A7E /* PersonalViewController.xib in Resources */ = {isa = PBXBuildFile; fileRef = B513307423379CC6007A4A7E /* PersonalViewController.xib */; };
		B513307A23379CE8007A4A7E /* TaskViewController.m in Sources */ = {isa = PBXBuildFile; fileRef = B513307823379CE8007A4A7E /* TaskViewController.m */; };
		B513307B23379CE8007A4A7E /* TaskViewController.xib in Resources */ = {isa = PBXBuildFile; fileRef = B513307923379CE8007A4A7E /* TaskViewController.xib */; };
		B5238CFC233E292B000B2E77 /* LoginViewController.m in Sources */ = {isa = PBXBuildFile; fileRef = B5238CFA233E292B000B2E77 /* LoginViewController.m */; };
		B5238CFD233E292B000B2E77 /* LoginViewController.xib in Resources */ = {isa = PBXBuildFile; fileRef = B5238CFB233E292B000B2E77 /* LoginViewController.xib */; };
		B537DE15233FA1A60089C579 /* LxxInterfaceConnection.m in Sources */ = {isa = PBXBuildFile; fileRef = B537DE14233FA1A60089C579 /* LxxInterfaceConnection.m */; };
		B537DE1A233FA66F0089C579 /* RegistViewController.m in Sources */ = {isa = PBXBuildFile; fileRef = B537DE18233FA66F0089C579 /* RegistViewController.m */; };
		B537DE1B233FA66F0089C579 /* RegistViewController.xib in Resources */ = {isa = PBXBuildFile; fileRef = B537DE19233FA66F0089C579 /* RegistViewController.xib */; };
		B5A7D2B2234DE2AF007F9BAF /* UserInfo.m in Sources */ = {isa = PBXBuildFile; fileRef = B5A7D2B1234DE2AF007F9BAF /* UserInfo.m */; };
		B5A7D2F6234E36B0007F9BAF /* wshFile.c in Sources */ = {isa = PBXBuildFile; fileRef = B5A7D2F4234E36B0007F9BAF /* wshFile.c */; };
		B5DE9A0C235098970012F3C4 /* GameInfo.m in Sources */ = {isa = PBXBuildFile; fileRef = B5DE9A0B235098970012F3C4 /* GameInfo.m */; };
		B5DE9A102350A6EB0012F3C4 /* HisDetailViewController.m in Sources */ = {isa = PBXBuildFile; fileRef = B5DE9A0E2350A6EB0012F3C4 /* HisDetailViewController.m */; };
		B5DE9A112350A6EB0012F3C4 /* HisDetailViewController.xib in Resources */ = {isa = PBXBuildFile; fileRef = B5DE9A0F2350A6EB0012F3C4 /* HisDetailViewController.xib */; };
		B5F407C32340998500D43C80 /* ScoreViewController.m in Sources */ = {isa = PBXBuildFile; fileRef = B5F407C12340998500D43C80 /* ScoreViewController.m */; };
		B5F407C42340998500D43C80 /* ScoreViewController.xib in Resources */ = {isa = PBXBuildFile; fileRef = B5F407C22340998500D43C80 /* ScoreViewController.xib */; };
		B5F407C82340A2D100D43C80 /* RankTableViewCell.m in Sources */ = {isa = PBXBuildFile; fileRef = B5F407C62340A2D100D43C80 /* RankTableViewCell.m */; };
		B5F407C92340A2D100D43C80 /* RankTableViewCell.xib in Resources */ = {isa = PBXBuildFile; fileRef = B5F407C72340A2D100D43C80 /* RankTableViewCell.xib */; };
/* End PBXBuildFile section */

/* Begin PBXContainerItemProxy section */
		B513304223378D1D007A4A7E /* PBXContainerItemProxy */ = {
			isa = PBXContainerItemProxy;
			containerPortal = B513302123378D1C007A4A7E /* Project object */;
			proxyType = 1;
			remoteGlobalIDString = B513302823378D1C007A4A7E;
			remoteInfo = CardGame;
		};
		B513304D23378D1D007A4A7E /* PBXContainerItemProxy */ = {
			isa = PBXContainerItemProxy;
			containerPortal = B513302123378D1C007A4A7E /* Project object */;
			proxyType = 1;
			remoteGlobalIDString = B513302823378D1C007A4A7E;
			remoteInfo = CardGame;
		};
/* End PBXContainerItemProxy section */

/* Begin PBXFileReference section */
		B513302923378D1C007A4A7E /* CardGame.app */ = {isa = PBXFileReference; explicitFileType = wrapper.application; includeInIndex = 0; path = CardGame.app; sourceTree = BUILT_PRODUCTS_DIR; };
		B513302C23378D1C007A4A7E /* AppDelegate.h */ = {isa = PBXFileReference; lastKnownFileType = sourcecode.c.h; path = AppDelegate.h; sourceTree = "<group>"; };
		B513302D23378D1C007A4A7E /* AppDelegate.m */ = {isa = PBXFileReference; lastKnownFileType = sourcecode.c.objc; path = AppDelegate.m; sourceTree = "<group>"; };
		B513303523378D1D007A4A7E /* Assets.xcassets */ = {isa = PBXFileReference; lastKnownFileType = folder.assetcatalog; path = Assets.xcassets; sourceTree = "<group>"; };
		B513303823378D1D007A4A7E /* Base */ = {isa = PBXFileReference; lastKnownFileType = file.storyboard; name = Base; path = Base.lproj/LaunchScreen.storyboard; sourceTree = "<group>"; };
		B513303A23378D1D007A4A7E /* Info.plist */ = {isa = PBXFileReference; lastKnownFileType = text.plist.xml; path = Info.plist; sourceTree = "<group>"; };
		B513303B23378D1D007A4A7E /* main.m */ = {isa = PBXFileReference; lastKnownFileType = sourcecode.c.objc; path = main.m; sourceTree = "<group>"; };
		B513304123378D1D007A4A7E /* CardGameTests.xctest */ = {isa = PBXFileReference; explicitFileType = wrapper.cfbundle; includeInIndex = 0; path = CardGameTests.xctest; sourceTree = BUILT_PRODUCTS_DIR; };
		B513304523378D1D007A4A7E /* CardGameTests.m */ = {isa = PBXFileReference; lastKnownFileType = sourcecode.c.objc; path = CardGameTests.m; sourceTree = "<group>"; };
		B513304723378D1D007A4A7E /* Info.plist */ = {isa = PBXFileReference; lastKnownFileType = text.plist.xml; path = Info.plist; sourceTree = "<group>"; };
		B513304C23378D1D007A4A7E /* CardGameUITests.xctest */ = {isa = PBXFileReference; explicitFileType = wrapper.cfbundle; includeInIndex = 0; path = CardGameUITests.xctest; sourceTree = BUILT_PRODUCTS_DIR; };
		B513305023378D1D007A4A7E /* CardGameUITests.m */ = {isa = PBXFileReference; lastKnownFileType = sourcecode.c.objc; path = CardGameUITests.m; sourceTree = "<group>"; };
		B513305223378D1D007A4A7E /* Info.plist */ = {isa = PBXFileReference; lastKnownFileType = text.plist.xml; path = Info.plist; sourceTree = "<group>"; };
		B513305E2337919E007A4A7E /* RootViewController.h */ = {isa = PBXFileReference; lastKnownFileType = sourcecode.c.h; path = RootViewController.h; sourceTree = "<group>"; };
		B513305F2337919E007A4A7E /* RootViewController.m */ = {isa = PBXFileReference; lastKnownFileType = sourcecode.c.objc; path = RootViewController.m; sourceTree = "<group>"; };
		B51330602337919E007A4A7E /* RootViewController.xib */ = {isa = PBXFileReference; lastKnownFileType = file.xib; path = RootViewController.xib; sourceTree = "<group>"; };
		B513306323379620007A4A7E /* GameViewController.h */ = {isa = PBXFileReference; lastKnownFileType = sourcecode.c.h; path = GameViewController.h; sourceTree = "<group>"; };
		B513306423379620007A4A7E /* GameViewController.m */ = {isa = PBXFileReference; lastKnownFileType = sourcecode.c.objc; path = GameViewController.m; sourceTree = "<group>"; };
		B513306523379620007A4A7E /* GameViewController.xib */ = {isa = PBXFileReference; lastKnownFileType = file.xib; path = GameViewController.xib; sourceTree = "<group>"; };
		B513306823379634007A4A7E /* HistoryViewController.h */ = {isa = PBXFileReference; lastKnownFileType = sourcecode.c.h; path = HistoryViewController.h; sourceTree = "<group>"; };
		B513306923379634007A4A7E /* HistoryViewController.m */ = {isa = PBXFileReference; lastKnownFileType = sourcecode.c.objc; path = HistoryViewController.m; sourceTree = "<group>"; };
		B513306A23379634007A4A7E /* HistoryViewController.xib */ = {isa = PBXFileReference; lastKnownFileType = file.xib; path = HistoryViewController.xib; sourceTree = "<group>"; };
		B513306D2337965A007A4A7E /* RankListViewController.h */ = {isa = PBXFileReference; lastKnownFileType = sourcecode.c.h; path = RankListViewController.h; sourceTree = "<group>"; };
		B513306E2337965A007A4A7E /* RankListViewController.m */ = {isa = PBXFileReference; lastKnownFileType = sourcecode.c.objc; path = RankListViewController.m; sourceTree = "<group>"; };
		B513306F2337965A007A4A7E /* RankListViewController.xib */ = {isa = PBXFileReference; lastKnownFileType = file.xib; path = RankListViewController.xib; sourceTree = "<group>"; };
		B513307223379CC6007A4A7E /* PersonalViewController.h */ = {isa = PBXFileReference; lastKnownFileType = sourcecode.c.h; path = PersonalViewController.h; sourceTree = "<group>"; };
		B513307323379CC6007A4A7E /* PersonalViewController.m */ = {isa = PBXFileReference; lastKnownFileType = sourcecode.c.objc; path = PersonalViewController.m; sourceTree = "<group>"; };
		B513307423379CC6007A4A7E /* PersonalViewController.xib */ = {isa = PBXFileReference; lastKnownFileType = file.xib; path = PersonalViewController.xib; sourceTree = "<group>"; };
		B513307723379CE8007A4A7E /* TaskViewController.h */ = {isa = PBXFileReference; lastKnownFileType = sourcecode.c.h; path = TaskViewController.h; sourceTree = "<group>"; };
		B513307823379CE8007A4A7E /* TaskViewController.m */ = {isa = PBXFileReference; lastKnownFileType = sourcecode.c.objc; path = TaskViewController.m; sourceTree = "<group>"; };
		B513307923379CE8007A4A7E /* TaskViewController.xib */ = {isa = PBXFileReference; lastKnownFileType = file.xib; path = TaskViewController.xib; sourceTree = "<group>"; };
		B5238CF9233E292B000B2E77 /* LoginViewController.h */ = {isa = PBXFileReference; lastKnownFileType = sourcecode.c.h; path = LoginViewController.h; sourceTree = "<group>"; };
		B5238CFA233E292B000B2E77 /* LoginViewController.m */ = {isa = PBXFileReference; lastKnownFileType = sourcecode.c.objc; path = LoginViewController.m; sourceTree = "<group>"; };
		B5238CFB233E292B000B2E77 /* LoginViewController.xib */ = {isa = PBXFileReference; lastKnownFileType = file.xib; path = LoginViewController.xib; sourceTree = "<group>"; };
		B537DE13233FA1A60089C579 /* LxxInterfaceConnection.h */ = {isa = PBXFileReference; lastKnownFileType = sourcecode.c.h; path = LxxInterfaceConnection.h; sourceTree = "<group>"; };
		B537DE14233FA1A60089C579 /* LxxInterfaceConnection.m */ = {isa = PBXFileReference; lastKnownFileType = sourcecode.c.objc; path = LxxInterfaceConnection.m; sourceTree = "<group>"; };
		B537DE17233FA66F0089C579 /* RegistViewController.h */ = {isa = PBXFileReference; lastKnownFileType = sourcecode.c.h; path = RegistViewController.h; sourceTree = "<group>"; };
		B537DE18233FA66F0089C579 /* RegistViewController.m */ = {isa = PBXFileReference; lastKnownFileType = sourcecode.c.objc; path = RegistViewController.m; sourceTree = "<group>"; };
		B537DE19233FA66F0089C579 /* RegistViewController.xib */ = {isa = PBXFileReference; lastKnownFileType = file.xib; path = RegistViewController.xib; sourceTree = "<group>"; };
		B5A7D2B0234DE2AF007F9BAF /* UserInfo.h */ = {isa = PBXFileReference; lastKnownFileType = sourcecode.c.h; path = UserInfo.h; sourceTree = "<group>"; };
		B5A7D2B1234DE2AF007F9BAF /* UserInfo.m */ = {isa = PBXFileReference; lastKnownFileType = sourcecode.c.objc; path = UserInfo.m; sourceTree = "<group>"; };
		B5A7D2F4234E36B0007F9BAF /* wshFile.c */ = {isa = PBXFileReference; lastKnownFileType = sourcecode.c.c; path = wshFile.c; sourceTree = "<group>"; };
		B5A7D2F5234E36B0007F9BAF /* wshFile.h */ = {isa = PBXFileReference; lastKnownFileType = sourcecode.c.h; path = wshFile.h; sourceTree = "<group>"; };
		B5DE9A0A235098970012F3C4 /* GameInfo.h */ = {isa = PBXFileReference; lastKnownFileType = sourcecode.c.h; path = GameInfo.h; sourceTree = "<group>"; };
		B5DE9A0B235098970012F3C4 /* GameInfo.m */ = {isa = PBXFileReference; lastKnownFileType = sourcecode.c.objc; path = GameInfo.m; sourceTree = "<group>"; };
		B5DE9A0D2350A6EB0012F3C4 /* HisDetailViewController.h */ = {isa = PBXFileReference; lastKnownFileType = sourcecode.c.h; path = HisDetailViewController.h; sourceTree = "<group>"; };
		B5DE9A0E2350A6EB0012F3C4 /* HisDetailViewController.m */ = {isa = PBXFileReference; lastKnownFileType = sourcecode.c.objc; path = HisDetailViewController.m; sourceTree = "<group>"; };
		B5DE9A0F2350A6EB0012F3C4 /* HisDetailViewController.xib */ = {isa = PBXFileReference; lastKnownFileType = file.xib; path = HisDetailViewController.xib; sourceTree = "<group>"; };
		B5F407C02340998500D43C80 /* ScoreViewController.h */ = {isa = PBXFileReference; lastKnownFileType = sourcecode.c.h; path = ScoreViewController.h; sourceTree = "<group>"; };
		B5F407C12340998500D43C80 /* ScoreViewController.m */ = {isa = PBXFileReference; lastKnownFileType = sourcecode.c.objc; path = ScoreViewController.m; sourceTree = "<group>"; };
		B5F407C22340998500D43C80 /* ScoreViewController.xib */ = {isa = PBXFileReference; lastKnownFileType = file.xib; path = ScoreViewController.xib; sourceTree = "<group>"; };
		B5F407C52340A2D100D43C80 /* RankTableViewCell.h */ = {isa = PBXFileReference; lastKnownFileType = sourcecode.c.h; path = RankTableViewCell.h; sourceTree = "<group>"; };
		B5F407C62340A2D100D43C80 /* RankTableViewCell.m */ = {isa = PBXFileReference; lastKnownFileType = sourcecode.c.objc; path = RankTableViewCell.m; sourceTree = "<group>"; };
		B5F407C72340A2D100D43C80 /* RankTableViewCell.xib */ = {isa = PBXFileReference; lastKnownFileType = file.xib; path = RankTableViewCell.xib; sourceTree = "<group>"; };
/* End PBXFileReference section */

/* Begin PBXFrameworksBuildPhase section */
		B513302623378D1C007A4A7E /* Frameworks */ = {
			isa = PBXFrameworksBuildPhase;
			buildActionMask = 2147483647;
			files = (
			);
			runOnlyForDeploymentPostprocessing = 0;
		};
		B513303E23378D1D007A4A7E /* Frameworks */ = {
			isa = PBXFrameworksBuildPhase;
			buildActionMask = 2147483647;
			files = (
			);
			runOnlyForDeploymentPostprocessing = 0;
		};
		B513304923378D1D007A4A7E /* Frameworks */ = {
			isa = PBXFrameworksBuildPhase;
			buildActionMask = 2147483647;
			files = (
			);
			runOnlyForDeploymentPostprocessing = 0;
		};
/* End PBXFrameworksBuildPhase section */

/* Begin PBXGroup section */
		B513302023378D1C007A4A7E = {
			isa = PBXGroup;
			children = (
				B513302B23378D1C007A4A7E /* CardGame */,
				B513304423378D1D007A4A7E /* CardGameTests */,
				B513304F23378D1D007A4A7E /* CardGameUITests */,
				B513302A23378D1C007A4A7E /* Products */,
			);
			sourceTree = "<group>";
		};
		B513302A23378D1C007A4A7E /* Products */ = {
			isa = PBXGroup;
			children = (
				B513302923378D1C007A4A7E /* CardGame.app */,
				B513304123378D1D007A4A7E /* CardGameTests.xctest */,
				B513304C23378D1D007A4A7E /* CardGameUITests.xctest */,
			);
			name = Products;
			sourceTree = "<group>";
		};
		B513302B23378D1C007A4A7E /* CardGame */ = {
			isa = PBXGroup;
			children = (
				B5A7D2B0234DE2AF007F9BAF /* UserInfo.h */,
				B5A7D2B1234DE2AF007F9BAF /* UserInfo.m */,
				B5238CF9233E292B000B2E77 /* LoginViewController.h */,
				B5238CFA233E292B000B2E77 /* LoginViewController.m */,
				B5238CFB233E292B000B2E77 /* LoginViewController.xib */,
				B537DE17233FA66F0089C579 /* RegistViewController.h */,
				B537DE18233FA66F0089C579 /* RegistViewController.m */,
				B537DE19233FA66F0089C579 /* RegistViewController.xib */,
				B537DE13233FA1A60089C579 /* LxxInterfaceConnection.h */,
				B537DE14233FA1A60089C579 /* LxxInterfaceConnection.m */,
				B537DE16233FA1B50089C579 /* GameView */,
				B513302C23378D1C007A4A7E /* AppDelegate.h */,
				B513302D23378D1C007A4A7E /* AppDelegate.m */,
				B513303523378D1D007A4A7E /* Assets.xcassets */,
				B513303723378D1D007A4A7E /* LaunchScreen.storyboard */,
				B513303A23378D1D007A4A7E /* Info.plist */,
				B513303B23378D1D007A4A7E /* main.m */,
			);
			path = CardGame;
			sourceTree = "<group>";
		};
		B513304423378D1D007A4A7E /* CardGameTests */ = {
			isa = PBXGroup;
			children = (
				B513304523378D1D007A4A7E /* CardGameTests.m */,
				B513304723378D1D007A4A7E /* Info.plist */,
			);
			path = CardGameTests;
			sourceTree = "<group>";
		};
		B513304F23378D1D007A4A7E /* CardGameUITests */ = {
			isa = PBXGroup;
			children = (
				B513305023378D1D007A4A7E /* CardGameUITests.m */,
				B513305223378D1D007A4A7E /* Info.plist */,
			);
			path = CardGameUITests;
			sourceTree = "<group>";
		};
		B537DE16233FA1B50089C579 /* GameView */ = {
			isa = PBXGroup;
			children = (
				B5DE9A0A235098970012F3C4 /* GameInfo.h */,
				B5DE9A0B235098970012F3C4 /* GameInfo.m */,
				B513305E2337919E007A4A7E /* RootViewController.h */,
				B513305F2337919E007A4A7E /* RootViewController.m */,
				B51330602337919E007A4A7E /* RootViewController.xib */,
				B513306323379620007A4A7E /* GameViewController.h */,
				B513306423379620007A4A7E /* GameViewController.m */,
				B513306523379620007A4A7E /* GameViewController.xib */,
				B5F407C02340998500D43C80 /* ScoreViewController.h */,
				B5F407C12340998500D43C80 /* ScoreViewController.m */,
				B5F407C22340998500D43C80 /* ScoreViewController.xib */,
				B513307723379CE8007A4A7E /* TaskViewController.h */,
				B513307823379CE8007A4A7E /* TaskViewController.m */,
				B513307923379CE8007A4A7E /* TaskViewController.xib */,
				B513307223379CC6007A4A7E /* PersonalViewController.h */,
				B513307323379CC6007A4A7E /* PersonalViewController.m */,
				B513307423379CC6007A4A7E /* PersonalViewController.xib */,
				B513306D2337965A007A4A7E /* RankListViewController.h */,
				B513306E2337965A007A4A7E /* RankListViewController.m */,
				B513306F2337965A007A4A7E /* RankListViewController.xib */,
				B513306823379634007A4A7E /* HistoryViewController.h */,
				B513306923379634007A4A7E /* HistoryViewController.m */,
				B513306A23379634007A4A7E /* HistoryViewController.xib */,
				B5DE9A0D2350A6EB0012F3C4 /* HisDetailViewController.h */,
				B5DE9A0E2350A6EB0012F3C4 /* HisDetailViewController.m */,
				B5DE9A0F2350A6EB0012F3C4 /* HisDetailViewController.xib */,
				B5F407C52340A2D100D43C80 /* RankTableViewCell.h */,
				B5F407C62340A2D100D43C80 /* RankTableViewCell.m */,
				B5F407C72340A2D100D43C80 /* RankTableViewCell.xib */,
				B5A7D2F4234E36B0007F9BAF /* wshFile.c */,
				B5A7D2F5234E36B0007F9BAF /* wshFile.h */,
			);
			path = GameView;
			sourceTree = "<group>";
		};
/* End PBXGroup section */

/* Begin PBXNativeTarget section */
		B513302823378D1C007A4A7E /* CardGame */ = {
			isa = PBXNativeTarget;
			buildConfigurationList = B513305523378D1D007A4A7E /* Build configuration list for PBXNativeTarget "CardGame" */;
			buildPhases = (
				B513302523378D1C007A4A7E /* Sources */,
				B513302623378D1C007A4A7E /* Frameworks */,
				B513302723378D1C007A4A7E /* Resources */,
			);
			buildRules = (
			);
			dependencies = (
			);
			name = CardGame;
			productName = CardGame;
			productReference = B513302923378D1C007A4A7E /* CardGame.app */;
			productType = "com.apple.product-type.application";
		};
		B513304023378D1D007A4A7E /* CardGameTests */ = {
			isa = PBXNativeTarget;
			buildConfigurationList = B513305823378D1D007A4A7E /* Build configuration list for PBXNativeTarget "CardGameTests" */;
			buildPhases = (
				B513303D23378D1D007A4A7E /* Sources */,
				B513303E23378D1D007A4A7E /* Frameworks */,
				B513303F23378D1D007A4A7E /* Resources */,
			);
			buildRules = (
			);
			dependencies = (
				B513304323378D1D007A4A7E /* PBXTargetDependency */,
			);
			name = CardGameTests;
			productName = CardGameTests;
			productReference = B513304123378D1D007A4A7E /* CardGameTests.xctest */;
			productType = "com.apple.product-type.bundle.unit-test";
		};
		B513304B23378D1D007A4A7E /* CardGameUITests */ = {
			isa = PBXNativeTarget;
			buildConfigurationList = B513305B23378D1D007A4A7E /* Build configuration list for PBXNativeTarget "CardGameUITests" */;
			buildPhases = (
				B513304823378D1D007A4A7E /* Sources */,
				B513304923378D1D007A4A7E /* Frameworks */,
				B513304A23378D1D007A4A7E /* Resources */,
			);
			buildRules = (
			);
			dependencies = (
				B513304E23378D1D007A4A7E /* PBXTargetDependency */,
			);
			name = CardGameUITests;
			productName = CardGameUITests;
			productReference = B513304C23378D1D007A4A7E /* CardGameUITests.xctest */;
			productType = "com.apple.product-type.bundle.ui-testing";
		};
/* End PBXNativeTarget section */

/* Begin PBXProject section */
		B513302123378D1C007A4A7E /* Project object */ = {
			isa = PBXProject;
			attributes = {
				LastUpgradeCheck = 1010;
				ORGANIZATIONNAME = LXX;
				TargetAttributes = {
					B513302823378D1C007A4A7E = {
						CreatedOnToolsVersion = 10.1;
					};
					B513304023378D1D007A4A7E = {
						CreatedOnToolsVersion = 10.1;
						TestTargetID = B513302823378D1C007A4A7E;
					};
					B513304B23378D1D007A4A7E = {
						CreatedOnToolsVersion = 10.1;
						TestTargetID = B513302823378D1C007A4A7E;
					};
				};
			};
			buildConfigurationList = B513302423378D1C007A4A7E /* Build configuration list for PBXProject "CardGame" */;
			compatibilityVersion = "Xcode 9.3";
			developmentRegion = en;
			hasScannedForEncodings = 0;
			knownRegions = (
				en,
				Base,
			);
			mainGroup = B513302023378D1C007A4A7E;
			productRefGroup = B513302A23378D1C007A4A7E /* Products */;
			projectDirPath = "";
			projectRoot = "";
			targets = (
				B513302823378D1C007A4A7E /* CardGame */,
				B513304023378D1D007A4A7E /* CardGameTests */,
				B513304B23378D1D007A4A7E /* CardGameUITests */,
			);
		};
/* End PBXProject section */

/* Begin PBXResourcesBuildPhase section */
		B513302723378D1C007A4A7E /* Resources */ = {
			isa = PBXResourcesBuildPhase;
			buildActionMask = 2147483647;
			files = (
				B51330712337965A007A4A7E /* RankListViewController.xib in Resources */,
				B5F407C92340A2D100D43C80 /* RankTableViewCell.xib in Resources */,
				B513307B23379CE8007A4A7E /* TaskViewController.xib in Resources */,
				B5F407C42340998500D43C80 /* ScoreViewController.xib in Resources */,
				B537DE1B233FA66F0089C579 /* RegistViewController.xib in Resources */,
				B513306723379620007A4A7E /* GameViewController.xib in Resources */,
				B513303923378D1D007A4A7E /* LaunchScreen.storyboard in Resources */,
				B513303623378D1D007A4A7E /* Assets.xcassets in Resources */,
				B513306C23379634007A4A7E /* HistoryViewController.xib in Resources */,
				B51330622337919E007A4A7E /* RootViewController.xib in Resources */,
				B513307623379CC6007A4A7E /* PersonalViewController.xib in Resources */,
				B5DE9A112350A6EB0012F3C4 /* HisDetailViewController.xib in Resources */,
				B5238CFD233E292B000B2E77 /* LoginViewController.xib in Resources */,
			);
			runOnlyForDeploymentPostprocessing = 0;
		};
		B513303F23378D1D007A4A7E /* Resources */ = {
			isa = PBXResourcesBuildPhase;
			buildActionMask = 2147483647;
			files = (
			);
			runOnlyForDeploymentPostprocessing = 0;
		};
		B513304A23378D1D007A4A7E /* Resources */ = {
			isa = PBXResourcesBuildPhase;
			buildActionMask = 2147483647;
			files = (
			);
			runOnlyForDeploymentPostprocessing = 0;
		};
/* End PBXResourcesBuildPhase section */

/* Begin PBXSourcesBuildPhase section */
		B513302523378D1C007A4A7E /* Sources */ = {
			isa = PBXSourcesBuildPhase;
			buildActionMask = 2147483647;
			files = (
				B513306623379620007A4A7E /* GameViewController.m in Sources */,
				B5A7D2F6234E36B0007F9BAF /* wshFile.c in Sources */,
				B5F407C82340A2D100D43C80 /* RankTableViewCell.m in Sources */,
				B513307A23379CE8007A4A7E /* TaskViewController.m in Sources */,
				B513307523379CC6007A4A7E /* PersonalViewController.m in Sources */,
				B5F407C32340998500D43C80 /* ScoreViewController.m in Sources */,
				B513303C23378D1D007A4A7E /* main.m in Sources */,
				B5A7D2B2234DE2AF007F9BAF /* UserInfo.m in Sources */,
				B537DE15233FA1A60089C579 /* LxxInterfaceConnection.m in Sources */,
				B51330612337919E007A4A7E /* RootViewController.m in Sources */,
				B5DE9A102350A6EB0012F3C4 /* HisDetailViewController.m in Sources */,
				B537DE1A233FA66F0089C579 /* RegistViewController.m in Sources */,
				B5DE9A0C235098970012F3C4 /* GameInfo.m in Sources */,
				B5238CFC233E292B000B2E77 /* LoginViewController.m in Sources */,
				B513306B23379634007A4A7E /* HistoryViewController.m in Sources */,
				B51330702337965A007A4A7E /* RankListViewController.m in Sources */,
				B513302E23378D1C007A4A7E /* AppDelegate.m in Sources */,
			);
			runOnlyForDeploymentPostprocessing = 0;
		};
		B513303D23378D1D007A4A7E /* Sources */ = {
			isa = PBXSourcesBuildPhase;
			buildActionMask = 2147483647;
			files = (
				B513304623378D1D007A4A7E /* CardGameTests.m in Sources */,
			);
			runOnlyForDeploymentPostprocessing = 0;
		};
		B513304823378D1D007A4A7E /* Sources */ = {
			isa = PBXSourcesBuildPhase;
			buildActionMask = 2147483647;
			files = (
				B513305123378D1D007A4A7E /* CardGameUITests.m in Sources */,
			);
			runOnlyForDeploymentPostprocessing = 0;
		};
/* End PBXSourcesBuildPhase section */

/* Begin PBXTargetDependency section */
		B513304323378D1D007A4A7E /* PBXTargetDependency */ = {
			isa = PBXTargetDependency;
			target = B513302823378D1C007A4A7E /* CardGame */;
			targetProxy = B513304223378D1D007A4A7E /* PBXContainerItemProxy */;
		};
		B513304E23378D1D007A4A7E /* PBXTargetDependency */ = {
			isa = PBXTargetDependency;
			target = B513302823378D1C007A4A7E /* CardGame */;
			targetProxy = B513304D23378D1D007A4A7E /* PBXContainerItemProxy */;
		};
/* End PBXTargetDependency section */

/* Begin PBXVariantGroup section */
		B513303723378D1D007A4A7E /* LaunchScreen.storyboard */ = {
			isa = PBXVariantGroup;
			children = (
				B513303823378D1D007A4A7E /* Base */,
			);
			name = LaunchScreen.storyboard;
			sourceTree = "<group>";
		};
/* End PBXVariantGroup section */

/* Begin XCBuildConfiguration section */
		B513305323378D1D007A4A7E /* Debug */ = {
			isa = XCBuildConfiguration;
			buildSettings = {
				ALWAYS_SEARCH_USER_PATHS = NO;
				CLANG_ANALYZER_NONNULL = YES;
				CLANG_ANALYZER_NUMBER_OBJECT_CONVERSION = YES_AGGRESSIVE;
				CLANG_CXX_LANGUAGE_STANDARD = "gnu++14";
				CLANG_CXX_LIBRARY = "libc++";
				CLANG_ENABLE_MODULES = YES;
				CLANG_ENABLE_OBJC_ARC = YES;
				CLANG_ENABLE_OBJC_WEAK = YES;
				CLANG_WARN_BLOCK_CAPTURE_AUTORELEASING = YES;
				CLANG_WARN_BOOL_CONVERSION = YES;
				CLANG_WARN_COMMA = YES;
				CLANG_WARN_CONSTANT_CONVERSION = YES;
				CLANG_WARN_DEPRECATED_OBJC_IMPLEMENTATIONS = YES;
				CLANG_WARN_DIRECT_OBJC_ISA_USAGE = YES_ERROR;
				CLANG_WARN_DOCUMENTATION_COMMENTS = YES;
				CLANG_WARN_EMPTY_BODY = YES;
				CLANG_WARN_ENUM_CONVERSION = YES;
				CLANG_WARN_INFINITE_RECURSION = YES;
				CLANG_WARN_INT_CONVERSION = YES;
				CLANG_WARN_NON_LITERAL_NULL_CONVERSION = YES;
				CLANG_WARN_OBJC_IMPLICIT_RETAIN_SELF = YES;
				CLANG_WARN_OBJC_LITERAL_CONVERSION = YES;
				CLANG_WARN_OBJC_ROOT_CLASS = YES_ERROR;
				CLANG_WARN_RANGE_LOOP_ANALYSIS = YES;
				CLANG_WARN_STRICT_PROTOTYPES = YES;
				CLANG_WARN_SUSPICIOUS_MOVE = YES;
				CLANG_WARN_UNGUARDED_AVAILABILITY = YES_AGGRESSIVE;
				CLANG_WARN_UNREACHABLE_CODE = YES;
				CLANG_WARN__DUPLICATE_METHOD_MATCH = YES;
				CODE_SIGN_IDENTITY = "iPhone Developer";
				COPY_PHASE_STRIP = NO;
				DEBUG_INFORMATION_FORMAT = dwarf;
				ENABLE_STRICT_OBJC_MSGSEND = YES;
				ENABLE_TESTABILITY = YES;
				GCC_C_LANGUAGE_STANDARD = gnu11;
				GCC_DYNAMIC_NO_PIC = NO;
				GCC_NO_COMMON_BLOCKS = YES;
				GCC_OPTIMIZATION_LEVEL = 0;
				GCC_PREPROCESSOR_DEFINITIONS = (
					"DEBUG=1",
					"$(inherited)",
				);
				GCC_WARN_64_TO_32_BIT_CONVERSION = YES;
				GCC_WARN_ABOUT_RETURN_TYPE = YES_ERROR;
				GCC_WARN_UNDECLARED_SELECTOR = YES;
				GCC_WARN_UNINITIALIZED_AUTOS = YES_AGGRESSIVE;
				GCC_WARN_UNUSED_FUNCTION = YES;
				GCC_WARN_UNUSED_VARIABLE = YES;
				IPHONEOS_DEPLOYMENT_TARGET = 12.1;
				MTL_ENABLE_DEBUG_INFO = INCLUDE_SOURCE;
				MTL_FAST_MATH = YES;
				ONLY_ACTIVE_ARCH = YES;
				SDKROOT = iphoneos;
			};
			name = Debug;
		};
		B513305423378D1D007A4A7E /* Release */ = {
			isa = XCBuildConfiguration;
			buildSettings = {
				ALWAYS_SEARCH_USER_PATHS = NO;
				CLANG_ANALYZER_NONNULL = YES;
				CLANG_ANALYZER_NUMBER_OBJECT_CONVERSION = YES_AGGRESSIVE;
				CLANG_CXX_LANGUAGE_STANDARD = "gnu++14";
				CLANG_CXX_LIBRARY = "libc++";
				CLANG_ENABLE_MODULES = YES;
				CLANG_ENABLE_OBJC_ARC = YES;
				CLANG_ENABLE_OBJC_WEAK = YES;
				CLANG_WARN_BLOCK_CAPTURE_AUTORELEASING = YES;
				CLANG_WARN_BOOL_CONVERSION = YES;
				CLANG_WARN_COMMA = YES;
				CLANG_WARN_CONSTANT_CONVERSION = YES;
				CLANG_WARN_DEPRECATED_OBJC_IMPLEMENTATIONS = YES;
				CLANG_WARN_DIRECT_OBJC_ISA_USAGE = YES_ERROR;
				CLANG_WARN_DOCUMENTATION_COMMENTS = YES;
				CLANG_WARN_EMPTY_BODY = YES;
				CLANG_WARN_ENUM_CONVERSION = YES;
				CLANG_WARN_INFINITE_RECURSION = YES;
				CLANG_WARN_INT_CONVERSION = YES;
				CLANG_WARN_NON_LITERAL_NULL_CONVERSION = YES;
				CLANG_WARN_OBJC_IMPLICIT_RETAIN_SELF = YES;
				CLANG_WARN_OBJC_LITERAL_CONVERSION = YES;
				CLANG_WARN_OBJC_ROOT_CLASS = YES_ERROR;
				CLANG_WARN_RANGE_LOOP_ANALYSIS = YES;
				CLANG_WARN_STRICT_PROTOTYPES = YES;
				CLANG_WARN_SUSPICIOUS_MOVE = YES;
				CLANG_WARN_UNGUARDED_AVAILABILITY = YES_AGGRESSIVE;
				CLANG_WARN_UNREACHABLE_CODE = YES;
				CLANG_WARN__DUPLICATE_METHOD_MATCH = YES;
				CODE_SIGN_IDENTITY = "iPhone Developer";
				COPY_PHASE_STRIP = NO;
				DEBUG_INFORMATION_FORMAT = "dwarf-with-dsym";
				ENABLE_NS_ASSERTIONS = NO;
				ENABLE_STRICT_OBJC_MSGSEND = YES;
				GCC_C_LANGUAGE_STANDARD = gnu11;
				GCC_NO_COMMON_BLOCKS = YES;
				GCC_WARN_64_TO_32_BIT_CONVERSION = YES;
				GCC_WARN_ABOUT_RETURN_TYPE = YES_ERROR;
				GCC_WARN_UNDECLARED_SELECTOR = YES;
				GCC_WARN_UNINITIALIZED_AUTOS = YES_AGGRESSIVE;
				GCC_WARN_UNUSED_FUNCTION = YES;
				GCC_WARN_UNUSED_VARIABLE = YES;
				IPHONEOS_DEPLOYMENT_TARGET = 12.1;
				MTL_ENABLE_DEBUG_INFO = NO;
				MTL_FAST_MATH = YES;
				SDKROOT = iphoneos;
				VALIDATE_PRODUCT = YES;
			};
			name = Release;
		};
		B513305623378D1D007A4A7E /* Debug */ = {
			isa = XCBuildConfiguration;
			buildSettings = {
				ASSETCATALOG_COMPILER_APPICON_NAME = AppIcon;
				CODE_SIGN_STYLE = Automatic;
				DEVELOPMENT_TEAM = H6P56TXLQB;
				INFOPLIST_FILE = CardGame/Info.plist;
				LD_RUNPATH_SEARCH_PATHS = (
					"$(inherited)",
					"@executable_path/Frameworks",
				);
				PRODUCT_BUNDLE_IDENTIFIER = LXX.CardGame;
				PRODUCT_NAME = "$(TARGET_NAME)";
				TARGETED_DEVICE_FAMILY = "1,2";
			};
			name = Debug;
		};
		B513305723378D1D007A4A7E /* Release */ = {
			isa = XCBuildConfiguration;
			buildSettings = {
				ASSETCATALOG_COMPILER_APPICON_NAME = AppIcon;
				CODE_SIGN_STYLE = Automatic;
				DEVELOPMENT_TEAM = H6P56TXLQB;
				INFOPLIST_FILE = CardGame/Info.plist;
				LD_RUNPATH_SEARCH_PATHS = (
					"$(inherited)",
					"@executable_path/Frameworks",
				);
				PRODUCT_BUNDLE_IDENTIFIER = LXX.CardGame;
				PRODUCT_NAME = "$(TARGET_NAME)";
				TARGETED_DEVICE_FAMILY = "1,2";
			};
			name = Release;
		};
		B513305923378D1D007A4A7E /* Debug */ = {
			isa = XCBuildConfiguration;
			buildSettings = {
				BUNDLE_LOADER = "$(TEST_HOST)";
				CODE_SIGN_STYLE = Automatic;
				INFOPLIST_FILE = CardGameTests/Info.plist;
				LD_RUNPATH_SEARCH_PATHS = (
					"$(inherited)",
					"@executable_path/Frameworks",
					"@loader_path/Frameworks",
				);
				PRODUCT_BUNDLE_IDENTIFIER = LXX.CardGameTests;
				PRODUCT_NAME = "$(TARGET_NAME)";
				TARGETED_DEVICE_FAMILY = "1,2";
				TEST_HOST = "$(BUILT_PRODUCTS_DIR)/CardGame.app/CardGame";
			};
			name = Debug;
		};
		B513305A23378D1D007A4A7E /* Release */ = {
			isa = XCBuildConfiguration;
			buildSettings = {
				BUNDLE_LOADER = "$(TEST_HOST)";
				CODE_SIGN_STYLE = Automatic;
				INFOPLIST_FILE = CardGameTests/Info.plist;
				LD_RUNPATH_SEARCH_PATHS = (
					"$(inherited)",
					"@executable_path/Frameworks",
					"@loader_path/Frameworks",
				);
				PRODUCT_BUNDLE_IDENTIFIER = LXX.CardGameTests;
				PRODUCT_NAME = "$(TARGET_NAME)";
				TARGETED_DEVICE_FAMILY = "1,2";
				TEST_HOST = "$(BUILT_PRODUCTS_DIR)/CardGame.app/CardGame";
			};
			name = Release;
		};
		B513305C23378D1D007A4A7E /* Debug */ = {
			isa = XCBuildConfiguration;
			buildSettings = {
				CODE_SIGN_STYLE = Automatic;
				INFOPLIST_FILE = CardGameUITests/Info.plist;
				LD_RUNPATH_SEARCH_PATHS = (
					"$(inherited)",
					"@executable_path/Frameworks",
					"@loader_path/Frameworks",
				);
				PRODUCT_BUNDLE_IDENTIFIER = LXX.CardGameUITests;
				PRODUCT_NAME = "$(TARGET_NAME)";
				TARGETED_DEVICE_FAMILY = "1,2";
				TEST_TARGET_NAME = CardGame;
			};
			name = Debug;
		};
		B513305D23378D1D007A4A7E /* Release */ = {
			isa = XCBuildConfiguration;
			buildSettings = {
				CODE_SIGN_STYLE = Automatic;
				INFOPLIST_FILE = CardGameUITests/Info.plist;
				LD_RUNPATH_SEARCH_PATHS = (
					"$(inherited)",
					"@executable_path/Frameworks",
					"@loader_path/Frameworks",
				);
				PRODUCT_BUNDLE_IDENTIFIER = LXX.CardGameUITests;
				PRODUCT_NAME = "$(TARGET_NAME)";
				TARGETED_DEVICE_FAMILY = "1,2";
				TEST_TARGET_NAME = CardGame;
			};
			name = Release;
		};
/* End XCBuildConfiguration section */

/* Begin XCConfigurationList section */
		B513302423378D1C007A4A7E /* Build configuration list for PBXProject "CardGame" */ = {
			isa = XCConfigurationList;
			buildConfigurations = (
				B513305323378D1D007A4A7E /* Debug */,
				B513305423378D1D007A4A7E /* Release */,
			);
			defaultConfigurationIsVisible = 0;
			defaultConfigurationName = Release;
		};
		B513305523378D1D007A4A7E /* Build configuration list for PBXNativeTarget "CardGame" */ = {
			isa = XCConfigurationList;
			buildConfigurations = (
				B513305623378D1D007A4A7E /* Debug */,
				B513305723378D1D007A4A7E /* Release */,
			);
			defaultConfigurationIsVisible = 0;
			defaultConfigurationName = Release;
		};
		B513305823378D1D007A4A7E /* Build configuration list for PBXNativeTarget "CardGameTests" */ = {
			isa = XCConfigurationList;
			buildConfigurations = (
				B513305923378D1D007A4A7E /* Debug */,
				B513305A23378D1D007A4A7E /* Release */,
			);
			defaultConfigurationIsVisible = 0;
			defaultConfigurationName = Release;
		};
		B513305B23378D1D007A4A7E /* Build configuration list for PBXNativeTarget "CardGameUITests" */ = {
			isa = XCConfigurationList;
			buildConfigurations = (
				B513305C23378D1D007A4A7E /* Debug */,
				B513305D23378D1D007A4A7E /* Release */,
			);
			defaultConfigurationIsVisible = 0;
			defaultConfigurationName = Release;
		};
/* End XCConfigurationList section */
	};
	rootObject = B513302123378D1C007A4A7E /* Project object */;
}
